
Microsoft Visual Studio Solution File, Format Version 12.00
# Visual Studio Version 16
VisualStudioVersion = 16.0.31729.503
MinimumVisualStudioVersion = 10.0.40219.1
Project("{FAE04EC0-301F-11D3-BF4B-00C04F79EFBC}") = "119_Novikov", "119_Novikov\119_Novikov.csproj", "{EBF74941-81FD-4044-AF93-ABAB2BE3E9DE}"
EndProject
Global
	GlobalSection(SolutionConfigurationPlatforms) = preSolution
		Debug|Any CPU = Debug|Any CPU
		Release|Any CPU = Release|Any CPU
	EndGlobalSection
	GlobalSection(ProjectConfigurationPlatforms) = postSolution
		{EBF74941-81FD-4044-AF93-ABAB2BE3E9DE}.Debug|Any CPU.ActiveCfg = Debug|Any CPU
		{EBF74941-81FD-4044-AF93-ABAB2BE3E9DE}.Debug|Any CPU.Build.0 = Debug|Any CPU
		{EBF74941-81FD-4044-AF93-ABAB2BE3E9DE}.Release|Any CPU.ActiveCfg = Release|Any CPU
		{EBF74941-81FD-4044-AF93-ABAB2BE3E9DE}.Release|Any CPU.Build.0 = Release|Any CPU
	EndGlobalSection
	GlobalSection(SolutionProperties) = preSolution
		HideSolutionNode = FALSE
	EndGlobalSection
	GlobalSection(ExtensibilityGlobals) = postSolution
		SolutionGuid = {AD81B3C5-0F93-4C21-9AB2-A471FB683F6D}
	EndGlobalSection
EndGlobal
